
Microsoft Visual Studio Solution File, Format Version 12.00
# Visual Studio 14
VisualStudioVersion = 14.0.25420.1
MinimumVisualStudioVersion = 10.0.40219.1
Project("{FAE04EC0-301F-11D3-BF4B-00C04F79EFBC}") = "MyfirstApplication", "MyfirstApplication\MyfirstApplication.csproj", "{B2C1BA6D-7CF5-48A5-8066-E21EC4C058E9}"
EndProject
Project("{FAE04EC0-301F-11D3-BF4B-00C04F79EFBC}") = "MyfirstApplication.Tests", "MyfirstApplication.Tests\MyfirstApplication.Tests.csproj", "{2EAAB986-8925-4BD8-81DB-02453B37271E}"
EndProject
Global
	GlobalSection(SolutionConfigurationPlatforms) = preSolution
		Debug|Any CPU = Debug|Any CPU
		Release|Any CPU = Release|Any CPU
	EndGlobalSection
	GlobalSection(ProjectConfigurationPlatforms) = postSolution
		{B2C1BA6D-7CF5-48A5-8066-E21EC4C058E9}.Debug|Any CPU.ActiveCfg = Debug|Any CPU
		{B2C1BA6D-7CF5-48A5-8066-E21EC4C058E9}.Debug|Any CPU.Build.0 = Debug|Any CPU
		{B2C1BA6D-7CF5-48A5-8066-E21EC4C058E9}.Release|Any CPU.ActiveCfg = Release|Any CPU
		{B2C1BA6D-7CF5-48A5-8066-E21EC4C058E9}.Release|Any CPU.Build.0 = Release|Any CPU
		{2EAAB986-8925-4BD8-81DB-02453B37271E}.Debug|Any CPU.ActiveCfg = Debug|Any CPU
		{2EAAB986-8925-4BD8-81DB-02453B37271E}.Debug|Any CPU.Build.0 = Debug|Any CPU
		{2EAAB986-8925-4BD8-81DB-02453B37271E}.Release|Any CPU.ActiveCfg = Release|Any CPU
		{2EAAB986-8925-4BD8-81DB-02453B37271E}.Release|Any CPU.Build.0 = Release|Any CPU
	EndGlobalSection
	GlobalSection(SolutionProperties) = preSolution
		HideSolutionNode = FALSE
	EndGlobalSection
EndGlobal
